# This file is automatically @generated by Cargo.
# It is not intended for manual editing.
[[package]]
name = "advent-of-code-2019"
version = "0.1.0"
dependencies = [
 "anyhow",
 "lazy_format",
]

[[package]]
name = "anyhow"
version = "1.0.39"
source = "registry+https://github.com/rust-lang/crates.io-index"
checksum = "81cddc5f91628367664cc7c69714ff08deee8a3efc54623011c772544d7b2767"

[[package]]
name = "lazy_format"
version = "1.7.4"
source = "registry+https://github.com/rust-lang/crates.io-index"
checksum = "1fcbfa370488b9d46f50882230e38c0b9e1f7bf2e8aabb883540dfe2d5985008"
