# This file is automatically @generated by Cargo.
# It is not intended for manual editing.
[[package]]
name = "advent-of-code-2019"
version = "0.1.0"
dependencies = [
 "anyhow",
 "lazy_format",
]

[[package]]
name = "anyhow"
version = "1.0.37"
source = "registry+https://github.com/rust-lang/crates.io-index"
checksum = "ee67c11feeac938fae061b232e38e0b6d94f97a9df10e6271319325ac4c56a86"

[[package]]
name = "lazy_format"
version = "1.7.4"
source = "registry+https://github.com/rust-lang/crates.io-index"
checksum = "1fcbfa370488b9d46f50882230e38c0b9e1f7bf2e8aabb883540dfe2d5985008"
