# This file is automatically @generated by Cargo.
# It is not intended for manual editing.
[[package]]
name = "advent-of-code-2019"
version = "0.1.0"
dependencies = [
 "anyhow",
 "lazy_format",
]

[[package]]
name = "anyhow"
version = "1.0.31"
source = "registry+https://github.com/rust-lang/crates.io-index"
checksum = "85bb70cc08ec97ca5450e6eba421deeea5f172c0fc61f78b5357b2a8e8be195f"

[[package]]
name = "lazy_format"
version = "1.8.4"
source = "registry+https://github.com/rust-lang/crates.io-index"
checksum = "db80df3725d8abca205542a31eded20ca470f356850219d692be0fe62a4ce746"
